
Microsoft Visual Studio Solution File, Format Version 12.00
# Visual Studio 15
VisualStudioVersion = 15.0.26430.12
MinimumVisualStudioVersion = 10.0.40219.1
Project("{FAE04EC0-301F-11D3-BF4B-00C04F79EFBC}") = "LYCoder.Web", "LYCoder.Web\LYCoder.Web.csproj", "{EA256735-D3ED-41AE-A102-E8332BE8C71E}"
EndProject
Project("{FAE04EC0-301F-11D3-BF4B-00C04F79EFBC}") = "LYCoder.Common", "LYCoder.Infrastructure\LYCoder.Common.csproj", "{F0E21EAA-5032-4E90-A0BE-411C67C8CE82}"
EndProject
Project("{FAE04EC0-301F-11D3-BF4B-00C04F79EFBC}") = "LYCoder.Service", "LYCoder.Service\LYCoder.Service.csproj", "{0F8031FB-AE93-4732-9AA9-DA5BD9D183F8}"
EndProject
Project("{FAE04EC0-301F-11D3-BF4B-00C04F79EFBC}") = "LYCoder.DataAccess", "LYCoder.DataAccess\LYCoder.DataAccess.csproj", "{D9DCF45E-DD12-43F9-A601-FF02B30607B7}"
EndProject
Project("{FAE04EC0-301F-11D3-BF4B-00C04F79EFBC}") = "LYCoder.Entity", "LYCoder.Entity\LYCoder.Entity.csproj", "{A2475FC1-589F-46B3-AC20-E57E621CC994}"
EndProject
Project("{FAE04EC0-301F-11D3-BF4B-00C04F79EFBC}") = "LYCoder.Controller", "LYCoder.Controller\LYCoder.Controller.csproj", "{5FACF6AF-F3B3-497A-9C21-49967E74A6D5}"
EndProject
Global
	GlobalSection(SolutionConfigurationPlatforms) = preSolution
		Debug|Any CPU = Debug|Any CPU
		Release|Any CPU = Release|Any CPU
	EndGlobalSection
	GlobalSection(ProjectConfigurationPlatforms) = postSolution
		{EA256735-D3ED-41AE-A102-E8332BE8C71E}.Debug|Any CPU.ActiveCfg = Debug|Any CPU
		{EA256735-D3ED-41AE-A102-E8332BE8C71E}.Debug|Any CPU.Build.0 = Debug|Any CPU
		{EA256735-D3ED-41AE-A102-E8332BE8C71E}.Release|Any CPU.ActiveCfg = Release|Any CPU
		{EA256735-D3ED-41AE-A102-E8332BE8C71E}.Release|Any CPU.Build.0 = Release|Any CPU
		{F0E21EAA-5032-4E90-A0BE-411C67C8CE82}.Debug|Any CPU.ActiveCfg = Debug|Any CPU
		{F0E21EAA-5032-4E90-A0BE-411C67C8CE82}.Debug|Any CPU.Build.0 = Debug|Any CPU
		{F0E21EAA-5032-4E90-A0BE-411C67C8CE82}.Release|Any CPU.ActiveCfg = Release|Any CPU
		{F0E21EAA-5032-4E90-A0BE-411C67C8CE82}.Release|Any CPU.Build.0 = Release|Any CPU
		{0F8031FB-AE93-4732-9AA9-DA5BD9D183F8}.Debug|Any CPU.ActiveCfg = Debug|Any CPU
		{0F8031FB-AE93-4732-9AA9-DA5BD9D183F8}.Debug|Any CPU.Build.0 = Debug|Any CPU
		{0F8031FB-AE93-4732-9AA9-DA5BD9D183F8}.Release|Any CPU.ActiveCfg = Release|Any CPU
		{0F8031FB-AE93-4732-9AA9-DA5BD9D183F8}.Release|Any CPU.Build.0 = Release|Any CPU
		{D9DCF45E-DD12-43F9-A601-FF02B30607B7}.Debug|Any CPU.ActiveCfg = Debug|Any CPU
		{D9DCF45E-DD12-43F9-A601-FF02B30607B7}.Debug|Any CPU.Build.0 = Debug|Any CPU
		{D9DCF45E-DD12-43F9-A601-FF02B30607B7}.Release|Any CPU.ActiveCfg = Release|Any CPU
		{D9DCF45E-DD12-43F9-A601-FF02B30607B7}.Release|Any CPU.Build.0 = Release|Any CPU
		{A2475FC1-589F-46B3-AC20-E57E621CC994}.Debug|Any CPU.ActiveCfg = Debug|Any CPU
		{A2475FC1-589F-46B3-AC20-E57E621CC994}.Debug|Any CPU.Build.0 = Debug|Any CPU
		{A2475FC1-589F-46B3-AC20-E57E621CC994}.Release|Any CPU.ActiveCfg = Release|Any CPU
		{A2475FC1-589F-46B3-AC20-E57E621CC994}.Release|Any CPU.Build.0 = Release|Any CPU
		{5FACF6AF-F3B3-497A-9C21-49967E74A6D5}.Debug|Any CPU.ActiveCfg = Debug|Any CPU
		{5FACF6AF-F3B3-497A-9C21-49967E74A6D5}.Debug|Any CPU.Build.0 = Debug|Any CPU
		{5FACF6AF-F3B3-497A-9C21-49967E74A6D5}.Release|Any CPU.ActiveCfg = Release|Any CPU
		{5FACF6AF-F3B3-497A-9C21-49967E74A6D5}.Release|Any CPU.Build.0 = Release|Any CPU
	EndGlobalSection
	GlobalSection(SolutionProperties) = preSolution
		HideSolutionNode = FALSE
	EndGlobalSection
EndGlobal
